%{
  "amqp": {:hex, :amqp, "1.6.0", "736d976f53780bcee72ccc50f7eb36e3d5881354480b1e34ceac84e3bbd954e9", [:mix], [{:amqp_client, "~> 3.8.0", [hex: :amqp_client, repo: "hexpm", optional: false]}], "hexpm", "b8168919ea1f1571a68349421e6501d1db7f559c4db3b8324ae90dbd3e2c1c4a"},
  "amqp_client": {:hex, :amqp_client, "3.8.14", "7569517aefb47e0d1c41bca2f4768dc8a2d88487daf7819fecca0d78943f293c", [:make, :rebar3], [{:rabbit_common, "3.8.14", [hex: :rabbit_common, repo: "hexpm", optional: false]}], "hexpm", "e5ba3ac18abbe34a1d990a6bcac25633dc7061ab8f8d101c7dcff97f49f4c523"},
  "briefly": {:git, "https://github.com/CargoSense/briefly.git", "25942fba9cad46aaa870ba248c101ffee321ec9b", []},
  "calendar": {:hex, :calendar, "1.0.0", "f52073a708528482ec33d0a171954ca610fe2bd28f1e871f247dc7f1565fa807", [:mix], [{:tzdata, "~> 0.5.20 or ~> 0.1.201603 or ~> 1.0", [hex: :tzdata, repo: "hexpm", optional: false]}], "hexpm", "990e9581920c82912a5ee50e62ff5ef96da6b15949a2ee4734f935fdef0f0a6f"},
  "certifi": {:hex, :certifi, "2.8.0", "d4fb0a6bb20b7c9c3643e22507e42f356ac090a1dcea9ab99e27e0376d695eba", [:rebar3], [], "hexpm", "6ac7efc1c6f8600b08d625292d4bbf584e14847ce1b6b5c44d983d273e1097ea"},
  "combine": {:hex, :combine, "0.10.0", "eff8224eeb56498a2af13011d142c5e7997a80c8f5b97c499f84c841032e429f", [:mix], [], "hexpm", "1b1dbc1790073076580d0d1d64e42eae2366583e7aecd455d1215b0d16f2451b"},
  "connection": {:hex, :connection, "1.1.0", "ff2a49c4b75b6fb3e674bfc5536451607270aac754ffd1bdfe175abe4a6d7a68", [:mix], [], "hexpm", "722c1eb0a418fbe91ba7bd59a47e28008a189d47e37e0e7bb85585a016b2869c"},
  "cookie_jar": {:hex, :cookie_jar, "1.1.0", "614600988ef8dc84a20235ecd72b7a83e3d49a0c3312cd2c145ea99fb48b10b3", [:mix], [{:httpoison, "~> 0.11 or ~> 1.0", [hex: :httpoison, repo: "hexpm", optional: true]}, {:httpotion, "~> 3.0", [hex: :httpotion, repo: "hexpm", optional: true]}], "hexpm", "576dc168e112efd376ce64b586765b2fc3797107f9e25cf30d273867110904e1"},
  "countries": {:git, "https://github.com/jnylen/countries.git", "8142448e2df8f956ea270a9804a3a2125aa25560", []},
  "country_data": {:hex, :country_data, "0.2.0", "7cd80eaae501f1aa79d34c9fabccce0829e7ca4d60da67426a9d3c240d9e87d2", [:mix], [{:poison, "~> 3.0", [hex: :poison, repo: "hexpm", optional: false]}], "hexpm", "c2f4a1167a31fecbb8b30d3907241ef1994870216be54f2bff2a58e2ef8ac936"},
  "cowboy": {:hex, :cowboy, "2.9.0", "865dd8b6607e14cf03282e10e934023a1bd8be6f6bacf921a7e2a96d800cd452", [:make, :rebar3], [{:cowlib, "2.11.0", [hex: :cowlib, repo: "hexpm", optional: false]}, {:ranch, "1.8.0", [hex: :ranch, repo: "hexpm", optional: false]}], "hexpm", "2c729f934b4e1aa149aff882f57c6372c15399a20d54f65c8d67bef583021bde"},
  "cowboy_telemetry": {:hex, :cowboy_telemetry, "0.3.1", "ebd1a1d7aff97f27c66654e78ece187abdc646992714164380d8a041eda16754", [:rebar3], [{:cowboy, "~> 2.7", [hex: :cowboy, repo: "hexpm", optional: false]}, {:telemetry, "~> 0.4", [hex: :telemetry, repo: "hexpm", optional: false]}], "hexpm", "3a6efd3366130eab84ca372cbd4a7d3c3a97bdfcfb4911233b035d117063f0af"},
  "cowlib": {:hex, :cowlib, "2.11.0", "0b9ff9c346629256c42ebe1eeb769a83c6cb771a6ee5960bd110ab0b9b872063", [:make, :rebar3], [], "hexpm", "2b3e9da0b21c4565751a6d4901c20d1b4cc25cbb7fd50d91d2ab6dd287bc86a9"},
  "credentials_obfuscation": {:hex, :credentials_obfuscation, "2.4.0", "9fb57683b84899ca3546b384e59ab5d3054a9f334eba50d74c82cd0ae82dd6ca", [:rebar3], [], "hexpm", "d28a89830e30698b075de9a4dbe683a20685c6bed1e3b7df744a0c06e6ff200a"},
  "crontab": {:hex, :crontab, "1.1.10", "dc9bb1f4299138d47bce38341f5dcbee0aa6c205e864fba7bc847f3b5cb48241", [:mix], [{:ecto, "~> 1.0 or ~> 2.0 or ~> 3.0", [hex: :ecto, repo: "hexpm", optional: true]}], "hexpm", "1347d889d1a0eda997990876b4894359e34bfbbd688acbb0ba28a2795ca40685"},
  "date_time_parser": {:hex, :date_time_parser, "1.1.2", "f7a7de3182915fecd2f0706fba47954bb66c6104d5061597cb2dbb803f9dc32a", [:mix], [{:nimble_parsec, "~> 1.0", [hex: :nimble_parsec, repo: "hexpm", optional: false]}, {:timex, ">= 3.2.1 and <= 3.7.2", [hex: :timex, repo: "hexpm", optional: false]}], "hexpm", "17239b2e6890115ad1c0c6a727f6c530492ee85a2e4d68248074a979c9b21c8d"},
  "db_connection": {:hex, :db_connection, "2.4.1", "6411f6e23f1a8b68a82fa3a36366d4881f21f47fc79a9efb8c615e62050219da", [:mix], [{:connection, "~> 1.0", [hex: :connection, repo: "hexpm", optional: false]}, {:telemetry, "~> 0.4 or ~> 1.0", [hex: :telemetry, repo: "hexpm", optional: false]}], "hexpm", "ea36d226ec5999781a9a8ad64e5d8c4454ecedc7a4d643e4832bf08efca01f00"},
  "decimal": {:hex, :decimal, "2.0.0", "a78296e617b0f5dd4c6caf57c714431347912ffb1d0842e998e9792b5642d697", [:mix], [], "hexpm", "34666e9c55dea81013e77d9d87370fe6cb6291d1ef32f46a1600230b1d44f577"},
  "ecto": {:hex, :ecto, "3.7.1", "a20598862351b29f80f285b21ec5297da1181c0442687f9b8329f0445d228892", [:mix], [{:decimal, "~> 1.6 or ~> 2.0", [hex: :decimal, repo: "hexpm", optional: false]}, {:jason, "~> 1.0", [hex: :jason, repo: "hexpm", optional: true]}, {:telemetry, "~> 0.4 or ~> 1.0", [hex: :telemetry, repo: "hexpm", optional: false]}], "hexpm", "d36e5b39fc479e654cffd4dbe1865d9716e4a9b6311faff799b6f90ab81b8638"},
  "ecto_enum": {:hex, :ecto_enum, "1.4.0", "d14b00e04b974afc69c251632d1e49594d899067ee2b376277efd8233027aec8", [:mix], [{:ecto, ">= 3.0.0", [hex: :ecto, repo: "hexpm", optional: false]}, {:ecto_sql, "> 3.0.0", [hex: :ecto_sql, repo: "hexpm", optional: false]}, {:mariaex, ">= 0.0.0", [hex: :mariaex, repo: "hexpm", optional: true]}, {:postgrex, ">= 0.0.0", [hex: :postgrex, repo: "hexpm", optional: true]}], "hexpm", "8fb55c087181c2b15eee406519dc22578fa60dd82c088be376d0010172764ee4"},
  "ecto_observable": {:hex, :ecto_observable, "0.4.0", "6725f52f981a393f11ecf5e9296054f1bc516c80320b014e93f753039a5f6bdf", [:mix], [{:ecto_sql, "~> 3.0", [hex: :ecto_sql, repo: "hexpm", optional: false]}, {:observable, "~> 0.3", [hex: :observable, repo: "hexpm", optional: false]}], "hexpm", "2cafd51d7a7b7de8de96e9b2e9e50310184f8537cd72390b100b69ec134a5202"},
  "ecto_sql": {:hex, :ecto_sql, "3.7.1", "8de624ef50b2a8540252d8c60506379fbbc2707be1606853df371cf53df5d053", [:mix], [{:db_connection, "~> 2.2", [hex: :db_connection, repo: "hexpm", optional: false]}, {:ecto, "~> 3.7.0", [hex: :ecto, repo: "hexpm", optional: false]}, {:myxql, "~> 0.4.0 or ~> 0.5.0", [hex: :myxql, repo: "hexpm", optional: true]}, {:postgrex, "~> 0.15.0 or ~> 1.0", [hex: :postgrex, repo: "hexpm", optional: true]}, {:tds, "~> 2.1.1 or ~> 2.2", [hex: :tds, repo: "hexpm", optional: true]}, {:telemetry, "~> 0.4.0 or ~> 1.0", [hex: :telemetry, repo: "hexpm", optional: false]}], "hexpm", "2b42a32e2ce92f64aba5c88617891ab3b0ba34f3f3a503fa20009eae1a401c81"},
  "ex_aws": {:git, "https://github.com/jnylen/ex_aws.git", "982e6f708eac78c093f1a68a372e7515f3f3d119", []},
  "ex_aws_s3": {:git, "https://github.com/factsfinder/ex_aws_s3.git", "cd520cf1ef41a33e76b2781a2bcf7b5e26db189e", []},
  "exprintf": {:hex, :exprintf, "0.2.1", "b7e895dfb00520cfb7fc1671303b63b37dc3897c59be7cbf1ae62f766a8a0314", [:mix], [], "hexpm", "20a0e8c880be90e56a77fcc82533c5d60c643915c7ce0cc8aa1e06ed6001da28"},
  "fastimage": {:hex, :fastimage, "1.0.0-rc4", "ac554e8889d17e0c745268615c490a6147b9b43140bfedce4a68f37eb6b51b42", [:mix], [{:hackney, "~> 1.6 or ~> 1.7 or ~> 1.8 or ~> 1.9 or ~> 1.13 or ~> 1.14", [hex: :hackney, repo: "hexpm", optional: false]}], "hexpm", "9bea2de529a06aebda10255f55e70ce27f415df14a489e9b81841b02f04b4940"},
  "file_system": {:hex, :file_system, "0.2.10", "fb082005a9cd1711c05b5248710f8826b02d7d1784e7c3451f9c1231d4fc162d", [:mix], [], "hexpm", "41195edbfb562a593726eda3b3e8b103a309b733ad25f3d642ba49696bf715dc"},
  "filterable": {:hex, :filterable, "0.7.4", "fe2a5494409870597f46546077ff71f8866156ff424183dfa33d73fb175260df", [:mix], [], "hexpm", "5ddfa1f2d5f46e683588a6481f1f9a5ac09129baedd73d93b6b6cb5dd799dc1f"},
  "filtrex": {:hex, :filtrex, "0.4.3", "d59e496d385b19df7e3a613ad74deca4ac5ef1666352e9e435e8442fc9ae4c70", [:mix], [{:ecto, "~> 3.0", [hex: :ecto, repo: "hexpm", optional: false]}, {:ecto_sql, "~> 3.0", [hex: :ecto_sql, repo: "hexpm", optional: false]}, {:timex, "~> 3.1", [hex: :timex, repo: "hexpm", optional: false]}], "hexpm", "a374999d00174c3a6c617def9c9d199a2bc5928d49a227d1de622ccbadbff1d0"},
  "formex": {:hex, :formex, "0.6.7", "3633ab98702d163ea6aa1bcd85d04d40f7a0fac3204a292302231d3532628aa1", [:mix], [{:phoenix_html, "~> 2.0", [hex: :phoenix_html, repo: "hexpm", optional: false]}], "hexpm", "c3ba4ea89d34cf518ebb450c0d65f0733904c4bf28a5fbd334bec70ef3eeeec3"},
  "formex_ecto": {:hex, :formex_ecto, "0.2.3", "868bbdfff84d8f87fa252e333d5374e19c810c4794c391e4e5d35aa4008477d5", [:mix], [{:ecto, "~> 2.1 or ~> 3.0", [hex: :ecto, repo: "hexpm", optional: false]}, {:formex, ">= 0.6.6 and < 0.7.0", [hex: :formex, repo: "hexpm", optional: false]}], "hexpm", "fb798e566e56ff1e9cccbed214ad6c3818c77de34c950f317acf7b3d9a8975ce"},
  "formex_vex": {:hex, :formex_vex, "0.1.1", "cccfd7327cda165eab44bb46772b144ad2b28299bb35365e959c7cf85a39ba64", [:mix], [{:formex, ">= 0.5.0 and < 0.7.0", [hex: :formex, repo: "hexpm", optional: false]}, {:vex, "~> 0.6.0", [hex: :vex, repo: "hexpm", optional: false]}], "hexpm", "00bce1faa59d1e32cbaabe04e6ead84bdf7aeb2ebc3d95289d7d16a4d5ca2252"},
  "gettext": {:hex, :gettext, "0.19.0", "6909d61b38bb33339558f128f8af5913d5d5fe304a770217bf352b1620fb7ec4", [:mix], [], "hexpm", "3f7a274f52ebda9bb6655dfeda3d6b0dc4537ae51ce41dcccc7f73ca7379ad5e"},
  "goldrush": {:hex, :goldrush, "0.1.9", "f06e5d5f1277da5c413e84d5a2924174182fb108dabb39d5ec548b27424cd106", [:rebar3], [], "hexpm", "99cb4128cffcb3227581e5d4d803d5413fa643f4eb96523f77d9e6937d994ceb"},
  "hackney": {:hex, :hackney, "1.18.0", "c4443d960bb9fba6d01161d01cd81173089686717d9490e5d3606644c48d121f", [:rebar3], [{:certifi, "~>2.8.0", [hex: :certifi, repo: "hexpm", optional: false]}, {:idna, "~>6.1.0", [hex: :idna, repo: "hexpm", optional: false]}, {:metrics, "~>1.0.0", [hex: :metrics, repo: "hexpm", optional: false]}, {:mimerl, "~>1.1", [hex: :mimerl, repo: "hexpm", optional: false]}, {:parse_trans, "3.3.1", [hex: :parse_trans, repo: "hexpm", optional: false]}, {:ssl_verify_fun, "~>1.1.0", [hex: :ssl_verify_fun, repo: "hexpm", optional: false]}, {:unicode_util_compat, "~>0.7.0", [hex: :unicode_util_compat, repo: "hexpm", optional: false]}], "hexpm", "9afcda620704d720db8c6a3123e9848d09c87586dc1c10479c42627b905b5c5e"},
  "idna": {:hex, :idna, "6.1.1", "8a63070e9f7d0c62eb9d9fcb360a7de382448200fbbd1b106cc96d3d8099df8d", [:rebar3], [{:unicode_util_compat, "~>0.7.0", [hex: :unicode_util_compat, repo: "hexpm", optional: false]}], "hexpm", "92376eb7894412ed19ac475e4a86f7b413c1b9fbb5bd16dccd57934157944cea"},
  "iso639_elixir": {:hex, :iso639_elixir, "0.2.0", "4a29a3d08439f2767d8d98974ae6df82bb33126f3bfc39cfda90c809204aa4a9", [:mix], [{:jason, "~> 1.0", [hex: :jason, repo: "hexpm", optional: true]}], "hexpm", "0211f30320b9f2247f0616781c2fa6090922bee9ee2b3fa324589b9dece6d6f9"},
  "jason": {:hex, :jason, "1.3.0", "fa6b82a934feb176263ad2df0dbd91bf633d4a46ebfdffea0c8ae82953714946", [:mix], [{:decimal, "~> 1.0 or ~> 2.0", [hex: :decimal, repo: "hexpm", optional: true]}], "hexpm", "53fc1f51255390e0ec7e50f9cb41e751c260d065dcba2bf0d08dc51a4002c2ac"},
  "jsonrs": {:git, "https://github.com/nash-io/Jsonrs.git", "d9cd99ce8c45ccb0e4909ed47a2c6299693664d6", []},
  "jsx": {:hex, :jsx, "2.11.0", "08154624050333919b4ac1b789667d5f4db166dc50e190c4d778d1587f102ee0", [:rebar3], [], "hexpm", "eed26a0d04d217f9eecefffb89714452556cf90eb38f290a27a4d45b9988f8c0"},
  "lager": {:hex, :lager, "3.8.2", "b180b814fd8b7082b6ca8aaf287e55a908d304cfc7a240d32f4db2d07092b7d0", [:rebar3], [{:goldrush, "0.1.9", [hex: :goldrush, repo: "hexpm", optional: false]}], "hexpm", "73329ce700410b423f64aafc5f94583073904899098e4461f3558ed2980462ab"},
  "levenshtein": {:hex, :levenshtein, "0.3.0", "c8787b1035d955617d1b57d31acfa04a6e58e912c26ad1c71aced5ae048c040f", [:mix], [], "hexpm", "17a5f8235d147087375e399e2288720cb01b7cc5c3f337c45734e4f4d7941bf2"},
  "maybe": {:hex, :maybe, "1.0.0", "65311dd7e16659579116666b268d03d7e1d1b3da8776c81a6b199de7177b43d6", [:mix], [], "hexpm", "23277767c0383ee6a9cb68f7e2fe0f6dfb91f01748e2c9a6439c95f2f6b52c57"},
  "meeseeks": {:hex, :meeseeks, "0.16.1", "331b71e2ce326d91f0c29b6789795d608c8ae80409962a95207daecafa87c1d7", [:mix], [{:meeseeks_html5ever, "~> 0.13.1", [hex: :meeseeks_html5ever, repo: "hexpm", optional: false]}], "hexpm", "ac1fc5926741a18f869366c3978f5c5bcd5d762790cfb0816f2d8a314437ef8e"},
  "meeseeks_html5ever": {:hex, :meeseeks_html5ever, "0.13.1", "31f6b743b3dd15587a5f74804a14737fa3297ac57cb366bfeda507e003f6b61f", [:mix], [{:rustler, "~> 0.22.0", [hex: :rustler, repo: "hexpm", optional: false]}], "hexpm", "c2689ff90d0a5b345e85a163c20110545978e22aa66348e178fb0cce0efa16d7"},
  "metrics": {:hex, :metrics, "1.0.1", "25f094dea2cda98213cecc3aeff09e940299d950904393b2a29d191c346a8486", [:rebar3], [], "hexpm", "69b09adddc4f74a40716ae54d140f93beb0fb8978d8636eaded0c31b6f099f16"},
  "mime": {:hex, :mime, "1.6.0", "dabde576a497cef4bbdd60aceee8160e02a6c89250d6c0b29e56c0dfb00db3d2", [:mix], [], "hexpm", "31a1a8613f8321143dde1dafc36006a17d28d02bdfecb9e95a880fa7aabd19a7"},
  "mimerl": {:hex, :mimerl, "1.2.0", "67e2d3f571088d5cfd3e550c383094b47159f3eee8ffa08e64106cdf5e981be3", [:rebar3], [], "hexpm", "f278585650aa581986264638ebf698f8bb19df297f66ad91b18910dfc6e19323"},
  "nimble_csv": {:hex, :nimble_csv, "1.1.0", "b1dba4a86be9e03065c9de829050468e591f569100332db949e7ce71be0afc25", [:mix], [], "hexpm", "e986755bc302832cac429be6deda0fc9d82d3c82b47abefb68b3c17c9d949a3f"},
  "nimble_parsec": {:hex, :nimble_parsec, "1.2.0", "b44d75e2a6542dcb6acf5d71c32c74ca88960421b6874777f79153bbbbd7dccc", [:mix], [], "hexpm", "52b2871a7515a5ac49b00f214e4165a40724cf99798d8e4a65e4fd64ebd002c1"},
  "observable": {:hex, :observable, "0.3.0", "cd765af9cd9c344a252c784639ba2875beb0917ba7a3379e9d6a91ae8f62278e", [:mix], [], "hexpm", "060dc28023455edf2be6ff06134c93ea7b7c0f3f3584c8fc571a5dff0aca950a"},
  "ok": {:hex, :ok, "2.3.0", "0a3d513ec9038504dc5359d44e14fc14ef59179e625563a1a144199cdc3a6d30", [:mix], [], "hexpm", "f0347b3f8f115bf347c704184b33cf084f2943771273f2b98a3707a5fa43c4d5"},
  "paasaa": {:hex, :paasaa, "0.5.1", "58d8bf61902adfd1d04815a115f0eb3b996845c0360f1831854e21073411e822", [:mix], [], "hexpm", "571f1a33b8e184396a93fc18ee5331f2655c96ba9a6fc383dc675e4bc8fc7596"},
  "parse_trans": {:hex, :parse_trans, "3.3.1", "16328ab840cc09919bd10dab29e431da3af9e9e7e7e6f0089dd5a2d2820011d8", [:rebar3], [], "hexpm", "07cd9577885f56362d414e8c4c4e6bdf10d43a8767abb92d24cbe8b24c54888b"},
  "phoenix": {:hex, :phoenix, "1.5.13", "d4e0805ec0973bed80d67302631130fb47d75b1a0b7335a0b23c4432b6ce55ee", [:mix], [{:jason, "~> 1.0", [hex: :jason, repo: "hexpm", optional: true]}, {:phoenix_html, "~> 2.13 or ~> 3.0", [hex: :phoenix_html, repo: "hexpm", optional: true]}, {:phoenix_pubsub, "~> 2.0", [hex: :phoenix_pubsub, repo: "hexpm", optional: false]}, {:plug, "~> 1.10", [hex: :plug, repo: "hexpm", optional: false]}, {:plug_cowboy, "~> 1.0 or ~> 2.2", [hex: :plug_cowboy, repo: "hexpm", optional: true]}, {:plug_crypto, "~> 1.1.2 or ~> 1.2", [hex: :plug_crypto, repo: "hexpm", optional: false]}, {:telemetry, "~> 0.4 or ~> 1.0", [hex: :telemetry, repo: "hexpm", optional: false]}], "hexpm", "1a7c4f1900e6e60bb60ae6680e48418e3f7c360d58bcb9f812487b6d0d281a0f"},
  "phoenix_active_link": {:hex, :phoenix_active_link, "0.3.1", "249085dee4ac86d0a89675d51e04b22af5143c87764a997850e31c00927a3b4d", [:mix], [{:phoenix_html, "~> 2.10", [hex: :phoenix_html, repo: "hexpm", optional: false]}], "hexpm", "64feabce9a89e1bd245c92d54f486efccc84ef23dfc88d6a4abd0d5b6aeaf8d2"},
  "phoenix_ecto": {:hex, :phoenix_ecto, "4.4.0", "0672ed4e4808b3fbed494dded89958e22fb882de47a97634c0b13e7b0b5f7720", [:mix], [{:ecto, "~> 3.3", [hex: :ecto, repo: "hexpm", optional: false]}, {:phoenix_html, "~> 2.14.2 or ~> 3.0", [hex: :phoenix_html, repo: "hexpm", optional: true]}, {:plug, "~> 1.9", [hex: :plug, repo: "hexpm", optional: false]}], "hexpm", "09864e558ed31ee00bd48fcc1d4fc58ae9678c9e81649075431e69dbabb43cc1"},
  "phoenix_html": {:hex, :phoenix_html, "2.14.3", "51f720d0d543e4e157ff06b65de38e13303d5778a7919bcc696599e5934271b8", [:mix], [{:plug, "~> 1.5", [hex: :plug, repo: "hexpm", optional: false]}], "hexpm", "efd697a7fff35a13eeeb6b43db884705cba353a1a41d127d118fda5f90c8e80f"},
  "phoenix_live_dashboard": {:hex, :phoenix_live_dashboard, "0.4.0", "87990e68b60213d7487e65814046f9a2bed4a67886c943270125913499b3e5c3", [:mix], [{:ecto_psql_extras, "~> 0.4.1 or ~> 0.5", [hex: :ecto_psql_extras, repo: "hexpm", optional: true]}, {:phoenix_html, "~> 2.14.1 or ~> 2.15", [hex: :phoenix_html, repo: "hexpm", optional: false]}, {:phoenix_live_view, "~> 0.15.0", [hex: :phoenix_live_view, repo: "hexpm", optional: false]}, {:telemetry_metrics, "~> 0.4.0 or ~> 0.5.0 or ~> 0.6.0", [hex: :telemetry_metrics, repo: "hexpm", optional: false]}], "hexpm", "8d52149e58188e9e4497cc0d8900ab94d9b66f96998ec38c47c7a4f8f4f50e57"},
  "phoenix_live_reload": {:hex, :phoenix_live_reload, "1.3.3", "3a53772a6118d5679bf50fc1670505a290e32a1d195df9e069d8c53ab040c054", [:mix], [{:file_system, "~> 0.2.1 or ~> 0.3", [hex: :file_system, repo: "hexpm", optional: false]}, {:phoenix, "~> 1.4", [hex: :phoenix, repo: "hexpm", optional: false]}], "hexpm", "766796676e5f558dbae5d1bdb066849673e956005e3730dfd5affd7a6da4abac"},
  "phoenix_live_view": {:hex, :phoenix_live_view, "0.15.7", "09720b8e5151b3ca8ef739cd7626d4feb987c69ba0b509c9bbdb861d5a365881", [:mix], [{:jason, "~> 1.0", [hex: :jason, repo: "hexpm", optional: true]}, {:phoenix, "~> 1.5.7", [hex: :phoenix, repo: "hexpm", optional: false]}, {:phoenix_html, "~> 2.14", [hex: :phoenix_html, repo: "hexpm", optional: false]}, {:telemetry, "~> 0.4.2 or ~> 0.5", [hex: :telemetry, repo: "hexpm", optional: false]}], "hexpm", "3a756cf662420272d0f1b3b908cce5222163b5a95aa9bab404f9d29aff53276e"},
  "phoenix_pubsub": {:hex, :phoenix_pubsub, "2.0.0", "a1ae76717bb168cdeb10ec9d92d1480fec99e3080f011402c0a2d68d47395ffb", [:mix], [], "hexpm", "c52d948c4f261577b9c6fa804be91884b381a7f8f18450c5045975435350f771"},
  "plug": {:hex, :plug, "1.12.0", "39dc7f1ef8c46bb1bf6dd8f6a49f526c45b4b92ce553687fd885b559a46d0230", [:mix], [{:mime, "~> 1.0 or ~> 2.0", [hex: :mime, repo: "hexpm", optional: false]}, {:plug_crypto, "~> 1.1.1 or ~> 1.2", [hex: :plug_crypto, repo: "hexpm", optional: false]}, {:telemetry, "~> 0.4 or ~> 1.0", [hex: :telemetry, repo: "hexpm", optional: false]}], "hexpm", "5282c76e89efdf43f2e04bd268ca99d738039f9518137f02ff468cee3ba78096"},
  "plug_cowboy": {:hex, :plug_cowboy, "2.5.2", "62894ccd601cf9597e2c23911ff12798a8a18d237e9739f58a6b04e4988899fe", [:mix], [{:cowboy, "~> 2.7", [hex: :cowboy, repo: "hexpm", optional: false]}, {:cowboy_telemetry, "~> 0.3", [hex: :cowboy_telemetry, repo: "hexpm", optional: false]}, {:plug, "~> 1.7", [hex: :plug, repo: "hexpm", optional: false]}], "hexpm", "ea6e87f774c8608d60c8d34022a7d073bd7680a0a013f049fc62bf35efea1044"},
  "plug_crypto": {:hex, :plug_crypto, "1.2.2", "05654514ac717ff3a1843204b424477d9e60c143406aa94daf2274fdd280794d", [:mix], [], "hexpm", "87631c7ad914a5a445f0a3809f99b079113ae4ed4b867348dd9eec288cecb6db"},
  "poison": {:hex, :poison, "3.1.0", "d9eb636610e096f86f25d9a46f35a9facac35609a7591b3be3326e99a0484665", [:mix], [], "hexpm", "fec8660eb7733ee4117b85f55799fd3833eb769a6df71ccf8903e8dc5447cfce"},
  "poolboy": {:hex, :poolboy, "1.5.2", "392b007a1693a64540cead79830443abf5762f5d30cf50bc95cb2c1aaafa006b", [:rebar3], [], "hexpm", "dad79704ce5440f3d5a3681c8590b9dc25d1a561e8f5a9c995281012860901e3"},
  "postgrex": {:hex, :postgrex, "0.15.13", "7794e697481799aee8982688c261901de493eb64451feee6ea58207d7266d54a", [:mix], [{:connection, "~> 1.0", [hex: :connection, repo: "hexpm", optional: false]}, {:db_connection, "~> 2.1", [hex: :db_connection, repo: "hexpm", optional: false]}, {:decimal, "~> 1.5 or ~> 2.0", [hex: :decimal, repo: "hexpm", optional: false]}, {:jason, "~> 1.0", [hex: :jason, repo: "hexpm", optional: true]}], "hexpm", "3ffb76e1a97cfefe5c6a95632a27ffb67f28871c9741fb585f9d1c3cd2af70f1"},
  "rabbit_common": {:hex, :rabbit_common, "3.8.14", "cc1604891295cd82f34597f1526ac611ea7b6a0e57b3dd79b41cb4224bcc6ec5", [:make, :rebar3], [{:credentials_obfuscation, "2.4.0", [hex: :credentials_obfuscation, repo: "hexpm", optional: false]}, {:jsx, "2.11.0", [hex: :jsx, repo: "hexpm", optional: false]}, {:lager, "3.8.2", [hex: :lager, repo: "hexpm", optional: false]}, {:recon, "2.5.1", [hex: :recon, repo: "hexpm", optional: false]}], "hexpm", "27409e425413cdd3fc2c077cf08226c4a307d56b1467883f26ab3789b2e106d0"},
  "ranch": {:hex, :ranch, "1.8.0", "8c7a100a139fd57f17327b6413e4167ac559fbc04ca7448e9be9057311597a1d", [:make, :rebar3], [], "hexpm", "49fbcfd3682fab1f5d109351b61257676da1a2fdbe295904176d5e521a2ddfe5"},
  "recase": {:hex, :recase, "0.7.0", "3f2f719f0886c7a3b7fe469058ec539cb7bbe0023604ae3bce920e186305e5ae", [:mix], [], "hexpm", "36f5756a9f552f4a94b54a695870e32f4e72d5fad9c25e61bc4a3151c08a4e0c"},
  "recon": {:hex, :recon, "2.5.1", "430ffa60685ac1efdfb1fe4c97b8767c92d0d92e6e7c3e8621559ba77598678a", [:mix, :rebar3], [], "hexpm", "5721c6b6d50122d8f68cccac712caa1231f97894bab779eff5ff0f886cb44648"},
  "roman": {:hex, :roman, "0.2.1", "a85968a91ea714b83291c09be604145da754fc4c2ed9fab4132f61482c147978", [:mix], [], "hexpm", "bee0ec35177cbeaee8654112fb4c2867b6cfef35f93cbf45726d1ed901e83429"},
  "rustler": {:hex, :rustler, "0.22.2", "f92d6dba71bef6fe5f0d955649cb071127adc92f32a78890e8fa9939e59a1b41", [:mix], [{:jason, "~> 1.2", [hex: :jason, repo: "hexpm", optional: false]}, {:toml, "~> 0.5.2", [hex: :toml, repo: "hexpm", optional: false]}], "hexpm", "56b129141e86d60a2d670af9a2b55a9071e10933ef593034565af77e84655118"},
  "saxy": {:hex, :saxy, "1.4.0", "c7203ad20001f72eaaad07d08f82be063fa94a40924e6bb39d93d55f979abcba", [:mix], [], "hexpm", "3fe790354d3f2234ad0b5be2d99822a23fa2d4e8ccd6657c672901dac172e9a9"},
  "sched_ex": {:hex, :sched_ex, "1.1.2", "6f81749afd77487adb70f6ec821c985ef755e26ae8304aa2a8871912767d7c2c", [:mix], [{:crontab, "~> 1.1.2", [hex: :crontab, repo: "hexpm", optional: false]}, {:timex, "~> 3.1", [hex: :timex, repo: "hexpm", optional: false]}], "hexpm", "6c071e3148e3efc6c708a781800e2ed5af7e6488e0025c89559c5e9cc9b72315"},
  "scrivener": {:hex, :scrivener, "2.7.2", "1d913c965ec352650a7f864ad7fd8d80462f76a32f33d57d1e48bc5e9d40aba2", [:mix], [], "hexpm", "7866a0ec4d40274efbee1db8bead13a995ea4926ecd8203345af8f90d2b620d9"},
  "scrivener_ecto": {:hex, :scrivener_ecto, "2.7.0", "cf64b8cb8a96cd131cdbcecf64e7fd395e21aaa1cb0236c42a7c2e34b0dca580", [:mix], [{:ecto, "~> 3.3", [hex: :ecto, repo: "hexpm", optional: false]}, {:scrivener, "~> 2.4", [hex: :scrivener, repo: "hexpm", optional: false]}], "hexpm", "e809f171687806b0031129034352f5ae44849720c48dd839200adeaf0ac3e260"},
  "scrivener_html": {:git, "https://github.com/andypho/scrivener_html.git", "f798b09e011f86ae2092fd33be1ac66414d25c1a", []},
  "sentry": {:hex, :sentry, "8.0.6", "c8de1bf0523bc120ec37d596c55260901029ecb0994e7075b0973328779ceef7", [:mix], [{:hackney, "~> 1.8", [hex: :hackney, repo: "hexpm", optional: true]}, {:jason, "~> 1.1", [hex: :jason, repo: "hexpm", optional: true]}, {:plug, "~> 1.6", [hex: :plug, repo: "hexpm", optional: true]}, {:plug_cowboy, "~> 2.3", [hex: :plug_cowboy, repo: "hexpm", optional: true]}], "hexpm", "051a2d0472162f3137787c7c9d6e6e4ef239de9329c8c45b1f1bf1e9379e1883"},
  "ssl_verify_fun": {:hex, :ssl_verify_fun, "1.1.6", "cf344f5692c82d2cd7554f5ec8fd961548d4fd09e7d22f5b62482e5aeaebd4b0", [:make, :mix, :rebar3], [], "hexpm", "bdb0d2471f453c88ff3908e7686f86f9be327d065cc1ec16fa4540197ea04680"},
  "string_matcher": {:hex, :string_matcher, "0.1.3", "81f504f1a50b2505da3480a08d71f603db6b943cb186df8972e55ef8b4ae47d0", [:mix], [], "hexpm", "b28641a2e3095ad67581ed8b3998eaf00754f85418feacbf9e6a741a477d7cfc"},
  "sweet_xml": {:hex, :sweet_xml, "0.7.2", "4729f997286811fabdd8288f8474e0840a76573051062f066c4b597e76f14f9f", [:mix], [], "hexpm", "6894e68a120f454534d99045ea3325f7740ea71260bc315f82e29731d570a6e8"},
  "task_bunny": {:git, "https://github.com/jnylen/task_bunny.git", "d3174088089d859e1a6c844edd39fd3a4ebaeade", [branch: "add_uniques"]},
  "telemetry": {:hex, :telemetry, "0.4.3", "a06428a514bdbc63293cd9a6263aad00ddeb66f608163bdec7c8995784080818", [:rebar3], [], "hexpm", "eb72b8365ffda5bed68a620d1da88525e326cb82a75ee61354fc24b844768041"},
  "telemetry_metrics": {:hex, :telemetry_metrics, "0.6.1", "315d9163a1d4660aedc3fee73f33f1d355dcc76c5c3ab3d59e76e3edf80eef1f", [:mix], [{:telemetry, "~> 0.4 or ~> 1.0", [hex: :telemetry, repo: "hexpm", optional: false]}], "hexpm", "7be9e0871c41732c233be71e4be11b96e56177bf15dde64a8ac9ce72ac9834c6"},
  "telemetry_poller": {:hex, :telemetry_poller, "0.5.1", "21071cc2e536810bac5628b935521ff3e28f0303e770951158c73eaaa01e962a", [:rebar3], [{:telemetry, "~> 0.4", [hex: :telemetry, repo: "hexpm", optional: false]}], "hexpm", "4cab72069210bc6e7a080cec9afffad1b33370149ed5d379b81c7c5f0c663fd4"},
  "tesla": {:hex, :tesla, "1.4.3", "f5a494e08fb1abe4fd9c28abb17f3d9b62b8f6fc492860baa91efb1aab61c8a0", [:mix], [{:castore, "~> 0.1", [hex: :castore, repo: "hexpm", optional: true]}, {:exjsx, ">= 3.0.0", [hex: :exjsx, repo: "hexpm", optional: true]}, {:finch, "~> 0.3", [hex: :finch, repo: "hexpm", optional: true]}, {:fuse, "~> 2.4", [hex: :fuse, repo: "hexpm", optional: true]}, {:gun, "~> 1.3", [hex: :gun, repo: "hexpm", optional: true]}, {:hackney, "~> 1.6", [hex: :hackney, repo: "hexpm", optional: true]}, {:ibrowse, "4.4.0", [hex: :ibrowse, repo: "hexpm", optional: true]}, {:jason, ">= 1.0.0", [hex: :jason, repo: "hexpm", optional: true]}, {:mime, "~> 1.0", [hex: :mime, repo: "hexpm", optional: false]}, {:mint, "~> 1.0", [hex: :mint, repo: "hexpm", optional: true]}, {:poison, ">= 1.0.0", [hex: :poison, repo: "hexpm", optional: true]}, {:telemetry, "~> 0.4 or ~> 1.0", [hex: :telemetry, repo: "hexpm", optional: true]}], "hexpm", "e0755bb664bf4d664af72931f320c97adbf89da4586670f4864bf259b5750386"},
  "timex": {:hex, :timex, "3.7.2", "f208997ae09ac092ba367d54cd050075dbac3407685268c3d10bba763f120b1b", [:mix], [{:combine, "~> 0.10", [hex: :combine, repo: "hexpm", optional: false]}, {:gettext, "~> 0.10", [hex: :gettext, repo: "hexpm", optional: false]}, {:tzdata, "~> 1.0", [hex: :tzdata, repo: "hexpm", optional: false]}], "hexpm", "b86572603157dce9078b94693fe606eb9d6b20fd5d5065847e3459b4c3e63d22"},
  "toml": {:hex, :toml, "0.5.2", "e471388a8726d1ce51a6b32f864b8228a1eb8edc907a0edf2bb50eab9321b526", [:mix], [], "hexpm", "f1e3dabef71fb510d015fad18c0e05e7c57281001141504c6b69d94e99750a07"},
  "trunk": {:hex, :trunk, "1.1.0", "1517c9809faaebdd296bfa8ec6ba5418a6c615284390f30202b3cfb338f6e6ba", [:mix], [{:briefly, "~> 0.3.0", [hex: :briefly, repo: "hexpm", optional: false]}, {:ex_aws_s3, "~> 2.0", [hex: :ex_aws_s3, repo: "hexpm", optional: true]}, {:hackney, ">= 1.7.0", [hex: :hackney, repo: "hexpm", optional: true]}, {:jason, ">= 1.0.0", [hex: :jason, repo: "hexpm", optional: true]}, {:poison, ">= 3.1.0", [hex: :poison, repo: "hexpm", optional: true]}, {:sweet_xml, "~> 0.6", [hex: :sweet_xml, repo: "hexpm", optional: true]}], "hexpm", "3ae2bb6388054383a34ddb0095db520367b87d17be102dad55f2f79793592f22"},
  "tzdata": {:hex, :tzdata, "1.1.1", "20c8043476dfda8504952d00adac41c6eda23912278add38edc140ae0c5bcc46", [:mix], [{:hackney, "~> 1.17", [hex: :hackney, repo: "hexpm", optional: false]}], "hexpm", "a69cec8352eafcd2e198dea28a34113b60fdc6cb57eb5ad65c10292a6ba89787"},
  "unicode_util_compat": {:hex, :unicode_util_compat, "0.7.0", "bc84380c9ab48177092f43ac89e4dfa2c6d62b40b8bd132b1059ecc7232f9a78", [:rebar3], [], "hexpm", "25eee6d67df61960cf6a794239566599b09e17e668d3700247bc498638152521"},
  "vex": {:hex, :vex, "0.9.0", "613ea5eb3055662e7178b83e25b2df0975f68c3d8bb67c1645f0573e1a78d606", [:mix], [], "hexpm", "c69fff44d5c8aa3f1faee71bba1dcab05dd36364c5a629df8bb11751240c857f"},
  "xml_builder": {:hex, :xml_builder, "2.2.0", "cc5f1eeefcfcde6e90a9b77fb6c490a20bc1b856a7010ce6396f6da9719cbbab", [:mix], [], "hexpm", "9d66d52fb917565d358166a4314078d39ef04d552904de96f8e73f68f64a62c9"},
  "xmltv": {:git, "https://github.com/jnylen/xmltv_elixir.git", "0cd09661a5cb06ff04e9f96c2b49137f0f73e243", []},
  "yamerl": {:hex, :yamerl, "0.8.1", "07da13ffa1d8e13948943789665c62ccd679dfa7b324a4a2ed3149df17f453a4", [:rebar3], [], "hexpm", "96cb30f9d64344fed0ef8a92e9f16f207de6c04dfff4f366752ca79f5bceb23f"},
}
